
Microsoft Visual Studio Solution File, Format Version 12.00
# Visual Studio Version 17
VisualStudioVersion = 17.9.34723.18
MinimumVisualStudioVersion = 10.0.40219.1
Project("{9A19103F-16F7-4668-BE54-9A1E7A4F7556}") = "HfpTo3mf", "WpfApp1\HfpTo3mf.csproj", "{83E05B1A-2EE9-44B6-977D-1EB6A2EDC038}"
EndProject
Global
	GlobalSection(SolutionConfigurationPlatforms) = preSolution
		Debug|Any CPU = Debug|Any CPU
		Release|Any CPU = Release|Any CPU
	EndGlobalSection
	GlobalSection(ProjectConfigurationPlatforms) = postSolution
		{83E05B1A-2EE9-44B6-977D-1EB6A2EDC038}.Debug|Any CPU.ActiveCfg = Debug|Any CPU
		{83E05B1A-2EE9-44B6-977D-1EB6A2EDC038}.Debug|Any CPU.Build.0 = Debug|Any CPU
		{83E05B1A-2EE9-44B6-977D-1EB6A2EDC038}.Release|Any CPU.ActiveCfg = Release|Any CPU
		{83E05B1A-2EE9-44B6-977D-1EB6A2EDC038}.Release|Any CPU.Build.0 = Release|Any CPU
	EndGlobalSection
	GlobalSection(SolutionProperties) = preSolution
		HideSolutionNode = FALSE
	EndGlobalSection
	GlobalSection(ExtensibilityGlobals) = postSolution
		SolutionGuid = {EFA4E4AB-7787-462D-8CB5-1C5C2C5BD85F}
	EndGlobalSection
EndGlobal
